
Microsoft Visual Studio Solution File, Format Version 12.00
# Visual Studio Version 17
VisualStudioVersion = 17.12.35527.113 d17.12
MinimumVisualStudioVersion = 10.0.40219.1
Project("{FAE04EC0-301F-11D3-BF4B-00C04F79EFBC}") = "ECommerce.WebUI", "ECommerce.WebUI\ECommerce.WebUI.csproj", "{04CD492C-62E1-4282-ABE1-AE78334B8046}"
EndProject
Project("{FAE04EC0-301F-11D3-BF4B-00C04F79EFBC}") = "ECommerce.Core", "ECommerce.Core\ECommerce.Core.csproj", "{163A98DD-14DA-4E40-AF37-46D0FAC0D0BA}"
EndProject
Project("{FAE04EC0-301F-11D3-BF4B-00C04F79EFBC}") = "ECommerce.Data", "ECommerce.Data\ECommerce.Data.csproj", "{87AD0905-FB54-4444-ACCF-293E789D6F65}"
EndProject
Project("{FAE04EC0-301F-11D3-BF4B-00C04F79EFBC}") = "ECommerce.Service", "ECommerce.Service\ECommerce.Service.csproj", "{4D034D7C-2FF2-4379-BA8A-4A8AEA8B8EFC}"
EndProject
Global
	GlobalSection(SolutionConfigurationPlatforms) = preSolution
		Debug|Any CPU = Debug|Any CPU
		Release|Any CPU = Release|Any CPU
	EndGlobalSection
	GlobalSection(ProjectConfigurationPlatforms) = postSolution
		{04CD492C-62E1-4282-ABE1-AE78334B8046}.Debug|Any CPU.ActiveCfg = Debug|Any CPU
		{04CD492C-62E1-4282-ABE1-AE78334B8046}.Debug|Any CPU.Build.0 = Debug|Any CPU
		{04CD492C-62E1-4282-ABE1-AE78334B8046}.Release|Any CPU.ActiveCfg = Release|Any CPU
		{04CD492C-62E1-4282-ABE1-AE78334B8046}.Release|Any CPU.Build.0 = Release|Any CPU
		{163A98DD-14DA-4E40-AF37-46D0FAC0D0BA}.Debug|Any CPU.ActiveCfg = Debug|Any CPU
		{163A98DD-14DA-4E40-AF37-46D0FAC0D0BA}.Debug|Any CPU.Build.0 = Debug|Any CPU
		{163A98DD-14DA-4E40-AF37-46D0FAC0D0BA}.Release|Any CPU.ActiveCfg = Release|Any CPU
		{163A98DD-14DA-4E40-AF37-46D0FAC0D0BA}.Release|Any CPU.Build.0 = Release|Any CPU
		{87AD0905-FB54-4444-ACCF-293E789D6F65}.Debug|Any CPU.ActiveCfg = Debug|Any CPU
		{87AD0905-FB54-4444-ACCF-293E789D6F65}.Debug|Any CPU.Build.0 = Debug|Any CPU
		{87AD0905-FB54-4444-ACCF-293E789D6F65}.Release|Any CPU.ActiveCfg = Release|Any CPU
		{87AD0905-FB54-4444-ACCF-293E789D6F65}.Release|Any CPU.Build.0 = Release|Any CPU
		{4D034D7C-2FF2-4379-BA8A-4A8AEA8B8EFC}.Debug|Any CPU.ActiveCfg = Debug|Any CPU
		{4D034D7C-2FF2-4379-BA8A-4A8AEA8B8EFC}.Debug|Any CPU.Build.0 = Debug|Any CPU
		{4D034D7C-2FF2-4379-BA8A-4A8AEA8B8EFC}.Release|Any CPU.ActiveCfg = Release|Any CPU
		{4D034D7C-2FF2-4379-BA8A-4A8AEA8B8EFC}.Release|Any CPU.Build.0 = Release|Any CPU
	EndGlobalSection
	GlobalSection(SolutionProperties) = preSolution
		HideSolutionNode = FALSE
	EndGlobalSection
EndGlobal
